{
  "requires": true,
  "lockfileVersion": 1,
  "dependencies": {
    "cicadapurp-palindrome": {
      "version": "1.0.0",
      "resolved": "https://registry.npmjs.org/cicadapurp-palindrome/-/cicadapurp-palindrome-1.0.0.tgz",
      "integrity": "sha512-4BEiuBD4ZUaX4RvQocJNpj5oJKwGoaRPvTV3CoqouAP07ZstnYBSe9IYlqXr9fsfaEu6R0xn0NgN6KwsqkKwMg=="
    }
  }
}
